
Microsoft Visual Studio Solution File, Format Version 12.00
# Visual Studio Version 17
VisualStudioVersion = 17.0.31903.59
MinimumVisualStudioVersion = 10.0.40219.1
Project("{FAE04EC0-301F-11D3-BF4B-00C04F79EFBC}") = "BartenderApplication", "BartenderApplication\BartenderApplication.csproj", "{21D441D6-BD24-48B1-A42D-79E4049DCDC7}"
EndProject
Global
	GlobalSection(SolutionConfigurationPlatforms) = preSolution
		Debug|Any CPU = Debug|Any CPU
		Release|Any CPU = Release|Any CPU
	EndGlobalSection
	GlobalSection(SolutionProperties) = preSolution
		HideSolutionNode = FALSE
	EndGlobalSection
	GlobalSection(ProjectConfigurationPlatforms) = postSolution
		{21D441D6-BD24-48B1-A42D-79E4049DCDC7}.Debug|Any CPU.ActiveCfg = Debug|Any CPU
		{21D441D6-BD24-48B1-A42D-79E4049DCDC7}.Debug|Any CPU.Build.0 = Debug|Any CPU
		{21D441D6-BD24-48B1-A42D-79E4049DCDC7}.Release|Any CPU.ActiveCfg = Release|Any CPU
		{21D441D6-BD24-48B1-A42D-79E4049DCDC7}.Release|Any CPU.Build.0 = Release|Any CPU
	EndGlobalSection
EndGlobal
